{
  "requires": true,
  "lockfileVersion": 1,
  "dependencies": {
    "chartist": {
      "version": "0.11.4",
      "resolved": "https://registry.npmjs.org/chartist/-/chartist-0.11.4.tgz",
      "integrity": "sha512-H4AimxaUD738/u9Mq8t27J4lh6STsLi4BQHt65nOtpLk3xyrBPaLiLMrHw7/WV9CmsjGA02WihjuL5qpSagLYw=="
    }
  }
}
